
Microsoft Visual Studio Solution File, Format Version 12.00
# Visual Studio Version 16
VisualStudioVersion = 16.0.31424.327
MinimumVisualStudioVersion = 10.0.40219.1
Project("{FAE04EC0-301F-11D3-BF4B-00C04F79EFBC}") = "RestSharpDemo", "RestSharpDemo\RestSharpDemo.csproj", "{332913B3-4505-401C-9A1D-6D09E52010A6}"
EndProject
Global
	GlobalSection(SolutionConfigurationPlatforms) = preSolution
		Debug|Any CPU = Debug|Any CPU
		Release|Any CPU = Release|Any CPU
	EndGlobalSection
	GlobalSection(ProjectConfigurationPlatforms) = postSolution
		{332913B3-4505-401C-9A1D-6D09E52010A6}.Debug|Any CPU.ActiveCfg = Debug|Any CPU
		{332913B3-4505-401C-9A1D-6D09E52010A6}.Debug|Any CPU.Build.0 = Debug|Any CPU
		{332913B3-4505-401C-9A1D-6D09E52010A6}.Release|Any CPU.ActiveCfg = Release|Any CPU
		{332913B3-4505-401C-9A1D-6D09E52010A6}.Release|Any CPU.Build.0 = Release|Any CPU
	EndGlobalSection
	GlobalSection(SolutionProperties) = preSolution
		HideSolutionNode = FALSE
	EndGlobalSection
	GlobalSection(ExtensibilityGlobals) = postSolution
		SolutionGuid = {66C6A3DA-B105-4E32-8F49-C850F7C80B6D}
	EndGlobalSection
EndGlobal
